
Microsoft Visual Studio Solution File, Format Version 12.00
# Visual Studio Version 17
VisualStudioVersion = 17.2.32519.379
MinimumVisualStudioVersion = 10.0.40219.1
Project("{9A19103F-16F7-4668-BE54-9A1E7A4F7556}") = "ICT712 - Contacts App", "ICT712 - Assignment 01\ICT712 - Contacts App.csproj", "{9FE6FEFF-7023-4679-ACE9-0F14EEE8031E}"
EndProject
Project("{9A19103F-16F7-4668-BE54-9A1E7A4F7556}") = "Models", "Models\Models.csproj", "{3A14F0A5-FF44-4756-BCB9-5E6C8591FDB7}"
EndProject
Project("{9A19103F-16F7-4668-BE54-9A1E7A4F7556}") = "ModelsTests", "ModelsTests\ModelsTests.csproj", "{A390F55D-D575-4036-A00A-954C07CD2A43}"
EndProject
Project("{9A19103F-16F7-4668-BE54-9A1E7A4F7556}") = "ControllerTests", "ControllerTests\ControllerTests.csproj", "{FDACD60A-9366-4B6D-8AE2-A9B32277F6CD}"
EndProject
Project("{9A19103F-16F7-4668-BE54-9A1E7A4F7556}") = "Controller", "Controller\Controller.csproj", "{9CCF83A8-2B9B-4788-944C-F2B83BB0A166}"
EndProject
Project("{9A19103F-16F7-4668-BE54-9A1E7A4F7556}") = "My_Contacts_DB", "My_Contacts_DB\My_Contacts_DB.csproj", "{DF176521-4546-4AA0-93BF-E97526D08350}"
EndProject
Project("{C7167F0D-BC9F-4E6E-AFE1-012C56B48DB5}") = "MyContacts.Package", "MyContacts.Package\MyContacts.Package.wapproj", "{8ED408E0-A740-4363-8BF9-790D577C4F94}"
EndProject
Global
	GlobalSection(SolutionConfigurationPlatforms) = preSolution
		Debug|Any CPU = Debug|Any CPU
		Debug|ARM = Debug|ARM
		Debug|ARM64 = Debug|ARM64
		Debug|x64 = Debug|x64
		Debug|x86 = Debug|x86
		Release|Any CPU = Release|Any CPU
		Release|ARM = Release|ARM
		Release|ARM64 = Release|ARM64
		Release|x64 = Release|x64
		Release|x86 = Release|x86
	EndGlobalSection
	GlobalSection(ProjectConfigurationPlatforms) = postSolution
		{9FE6FEFF-7023-4679-ACE9-0F14EEE8031E}.Debug|Any CPU.ActiveCfg = Debug|Any CPU
		{9FE6FEFF-7023-4679-ACE9-0F14EEE8031E}.Debug|Any CPU.Build.0 = Debug|Any CPU
		{9FE6FEFF-7023-4679-ACE9-0F14EEE8031E}.Debug|ARM.ActiveCfg = Debug|Any CPU
		{9FE6FEFF-7023-4679-ACE9-0F14EEE8031E}.Debug|ARM.Build.0 = Debug|Any CPU
		{9FE6FEFF-7023-4679-ACE9-0F14EEE8031E}.Debug|ARM64.ActiveCfg = Debug|Any CPU
		{9FE6FEFF-7023-4679-ACE9-0F14EEE8031E}.Debug|ARM64.Build.0 = Debug|Any CPU
		{9FE6FEFF-7023-4679-ACE9-0F14EEE8031E}.Debug|x64.ActiveCfg = Debug|Any CPU
		{9FE6FEFF-7023-4679-ACE9-0F14EEE8031E}.Debug|x64.Build.0 = Debug|Any CPU
		{9FE6FEFF-7023-4679-ACE9-0F14EEE8031E}.Debug|x86.ActiveCfg = Debug|Any CPU
		{9FE6FEFF-7023-4679-ACE9-0F14EEE8031E}.Debug|x86.Build.0 = Debug|Any CPU
		{9FE6FEFF-7023-4679-ACE9-0F14EEE8031E}.Release|Any CPU.ActiveCfg = Release|Any CPU
		{9FE6FEFF-7023-4679-ACE9-0F14EEE8031E}.Release|Any CPU.Build.0 = Release|Any CPU
		{9FE6FEFF-7023-4679-ACE9-0F14EEE8031E}.Release|ARM.ActiveCfg = Release|Any CPU
		{9FE6FEFF-7023-4679-ACE9-0F14EEE8031E}.Release|ARM.Build.0 = Release|Any CPU
		{9FE6FEFF-7023-4679-ACE9-0F14EEE8031E}.Release|ARM64.ActiveCfg = Release|Any CPU
		{9FE6FEFF-7023-4679-ACE9-0F14EEE8031E}.Release|ARM64.Build.0 = Release|Any CPU
		{9FE6FEFF-7023-4679-ACE9-0F14EEE8031E}.Release|x64.ActiveCfg = Release|Any CPU
		{9FE6FEFF-7023-4679-ACE9-0F14EEE8031E}.Release|x64.Build.0 = Release|Any CPU
		{9FE6FEFF-7023-4679-ACE9-0F14EEE8031E}.Release|x86.ActiveCfg = Release|Any CPU
		{9FE6FEFF-7023-4679-ACE9-0F14EEE8031E}.Release|x86.Build.0 = Release|Any CPU
		{3A14F0A5-FF44-4756-BCB9-5E6C8591FDB7}.Debug|Any CPU.ActiveCfg = Debug|Any CPU
		{3A14F0A5-FF44-4756-BCB9-5E6C8591FDB7}.Debug|Any CPU.Build.0 = Debug|Any CPU
		{3A14F0A5-FF44-4756-BCB9-5E6C8591FDB7}.Debug|ARM.ActiveCfg = Debug|Any CPU
		{3A14F0A5-FF44-4756-BCB9-5E6C8591FDB7}.Debug|ARM.Build.0 = Debug|Any CPU
		{3A14F0A5-FF44-4756-BCB9-5E6C8591FDB7}.Debug|ARM64.ActiveCfg = Debug|Any CPU
		{3A14F0A5-FF44-4756-BCB9-5E6C8591FDB7}.Debug|ARM64.Build.0 = Debug|Any CPU
		{3A14F0A5-FF44-4756-BCB9-5E6C8591FDB7}.Debug|x64.ActiveCfg = Debug|Any CPU
		{3A14F0A5-FF44-4756-BCB9-5E6C8591FDB7}.Debug|x64.Build.0 = Debug|Any CPU
		{3A14F0A5-FF44-4756-BCB9-5E6C8591FDB7}.Debug|x86.ActiveCfg = Debug|Any CPU
		{3A14F0A5-FF44-4756-BCB9-5E6C8591FDB7}.Debug|x86.Build.0 = Debug|Any CPU
		{3A14F0A5-FF44-4756-BCB9-5E6C8591FDB7}.Release|Any CPU.ActiveCfg = Release|Any CPU
		{3A14F0A5-FF44-4756-BCB9-5E6C8591FDB7}.Release|Any CPU.Build.0 = Release|Any CPU
		{3A14F0A5-FF44-4756-BCB9-5E6C8591FDB7}.Release|ARM.ActiveCfg = Release|Any CPU
		{3A14F0A5-FF44-4756-BCB9-5E6C8591FDB7}.Release|ARM.Build.0 = Release|Any CPU
		{3A14F0A5-FF44-4756-BCB9-5E6C8591FDB7}.Release|ARM64.ActiveCfg = Release|Any CPU
		{3A14F0A5-FF44-4756-BCB9-5E6C8591FDB7}.Release|ARM64.Build.0 = Release|Any CPU
		{3A14F0A5-FF44-4756-BCB9-5E6C8591FDB7}.Release|x64.ActiveCfg = Release|Any CPU
		{3A14F0A5-FF44-4756-BCB9-5E6C8591FDB7}.Release|x64.Build.0 = Release|Any CPU
		{3A14F0A5-FF44-4756-BCB9-5E6C8591FDB7}.Release|x86.ActiveCfg = Release|Any CPU
		{3A14F0A5-FF44-4756-BCB9-5E6C8591FDB7}.Release|x86.Build.0 = Release|Any CPU
		{A390F55D-D575-4036-A00A-954C07CD2A43}.Debug|Any CPU.ActiveCfg = Debug|Any CPU
		{A390F55D-D575-4036-A00A-954C07CD2A43}.Debug|Any CPU.Build.0 = Debug|Any CPU
		{A390F55D-D575-4036-A00A-954C07CD2A43}.Debug|ARM.ActiveCfg = Debug|Any CPU
		{A390F55D-D575-4036-A00A-954C07CD2A43}.Debug|ARM.Build.0 = Debug|Any CPU
		{A390F55D-D575-4036-A00A-954C07CD2A43}.Debug|ARM64.ActiveCfg = Debug|Any CPU
		{A390F55D-D575-4036-A00A-954C07CD2A43}.Debug|ARM64.Build.0 = Debug|Any CPU
		{A390F55D-D575-4036-A00A-954C07CD2A43}.Debug|x64.ActiveCfg = Debug|Any CPU
		{A390F55D-D575-4036-A00A-954C07CD2A43}.Debug|x64.Build.0 = Debug|Any CPU
		{A390F55D-D575-4036-A00A-954C07CD2A43}.Debug|x86.ActiveCfg = Debug|Any CPU
		{A390F55D-D575-4036-A00A-954C07CD2A43}.Debug|x86.Build.0 = Debug|Any CPU
		{A390F55D-D575-4036-A00A-954C07CD2A43}.Release|Any CPU.ActiveCfg = Release|Any CPU
		{A390F55D-D575-4036-A00A-954C07CD2A43}.Release|Any CPU.Build.0 = Release|Any CPU
		{A390F55D-D575-4036-A00A-954C07CD2A43}.Release|ARM.ActiveCfg = Release|Any CPU
		{A390F55D-D575-4036-A00A-954C07CD2A43}.Release|ARM.Build.0 = Release|Any CPU
		{A390F55D-D575-4036-A00A-954C07CD2A43}.Release|ARM64.ActiveCfg = Release|Any CPU
		{A390F55D-D575-4036-A00A-954C07CD2A43}.Release|ARM64.Build.0 = Release|Any CPU
		{A390F55D-D575-4036-A00A-954C07CD2A43}.Release|x64.ActiveCfg = Release|Any CPU
		{A390F55D-D575-4036-A00A-954C07CD2A43}.Release|x64.Build.0 = Release|Any CPU
		{A390F55D-D575-4036-A00A-954C07CD2A43}.Release|x86.ActiveCfg = Release|Any CPU
		{A390F55D-D575-4036-A00A-954C07CD2A43}.Release|x86.Build.0 = Release|Any CPU
		{FDACD60A-9366-4B6D-8AE2-A9B32277F6CD}.Debug|Any CPU.ActiveCfg = Debug|Any CPU
		{FDACD60A-9366-4B6D-8AE2-A9B32277F6CD}.Debug|Any CPU.Build.0 = Debug|Any CPU
		{FDACD60A-9366-4B6D-8AE2-A9B32277F6CD}.Debug|ARM.ActiveCfg = Debug|Any CPU
		{FDACD60A-9366-4B6D-8AE2-A9B32277F6CD}.Debug|ARM.Build.0 = Debug|Any CPU
		{FDACD60A-9366-4B6D-8AE2-A9B32277F6CD}.Debug|ARM64.ActiveCfg = Debug|Any CPU
		{FDACD60A-9366-4B6D-8AE2-A9B32277F6CD}.Debug|ARM64.Build.0 = Debug|Any CPU
		{FDACD60A-9366-4B6D-8AE2-A9B32277F6CD}.Debug|x64.ActiveCfg = Debug|Any CPU
		{FDACD60A-9366-4B6D-8AE2-A9B32277F6CD}.Debug|x64.Build.0 = Debug|Any CPU
		{FDACD60A-9366-4B6D-8AE2-A9B32277F6CD}.Debug|x86.ActiveCfg = Debug|Any CPU
		{FDACD60A-9366-4B6D-8AE2-A9B32277F6CD}.Debug|x86.Build.0 = Debug|Any CPU
		{FDACD60A-9366-4B6D-8AE2-A9B32277F6CD}.Release|Any CPU.ActiveCfg = Release|Any CPU
		{FDACD60A-9366-4B6D-8AE2-A9B32277F6CD}.Release|Any CPU.Build.0 = Release|Any CPU
		{FDACD60A-9366-4B6D-8AE2-A9B32277F6CD}.Release|ARM.ActiveCfg = Release|Any CPU
		{FDACD60A-9366-4B6D-8AE2-A9B32277F6CD}.Release|ARM.Build.0 = Release|Any CPU
		{FDACD60A-9366-4B6D-8AE2-A9B32277F6CD}.Release|ARM64.ActiveCfg = Release|Any CPU
		{FDACD60A-9366-4B6D-8AE2-A9B32277F6CD}.Release|ARM64.Build.0 = Release|Any CPU
		{FDACD60A-9366-4B6D-8AE2-A9B32277F6CD}.Release|x64.ActiveCfg = Release|Any CPU
		{FDACD60A-9366-4B6D-8AE2-A9B32277F6CD}.Release|x64.Build.0 = Release|Any CPU
		{FDACD60A-9366-4B6D-8AE2-A9B32277F6CD}.Release|x86.ActiveCfg = Release|Any CPU
		{FDACD60A-9366-4B6D-8AE2-A9B32277F6CD}.Release|x86.Build.0 = Release|Any CPU
		{9CCF83A8-2B9B-4788-944C-F2B83BB0A166}.Debug|Any CPU.ActiveCfg = Debug|Any CPU
		{9CCF83A8-2B9B-4788-944C-F2B83BB0A166}.Debug|Any CPU.Build.0 = Debug|Any CPU
		{9CCF83A8-2B9B-4788-944C-F2B83BB0A166}.Debug|ARM.ActiveCfg = Debug|Any CPU
		{9CCF83A8-2B9B-4788-944C-F2B83BB0A166}.Debug|ARM.Build.0 = Debug|Any CPU
		{9CCF83A8-2B9B-4788-944C-F2B83BB0A166}.Debug|ARM64.ActiveCfg = Debug|Any CPU
		{9CCF83A8-2B9B-4788-944C-F2B83BB0A166}.Debug|ARM64.Build.0 = Debug|Any CPU
		{9CCF83A8-2B9B-4788-944C-F2B83BB0A166}.Debug|x64.ActiveCfg = Debug|Any CPU
		{9CCF83A8-2B9B-4788-944C-F2B83BB0A166}.Debug|x64.Build.0 = Debug|Any CPU
		{9CCF83A8-2B9B-4788-944C-F2B83BB0A166}.Debug|x86.ActiveCfg = Debug|Any CPU
		{9CCF83A8-2B9B-4788-944C-F2B83BB0A166}.Debug|x86.Build.0 = Debug|Any CPU
		{9CCF83A8-2B9B-4788-944C-F2B83BB0A166}.Release|Any CPU.ActiveCfg = Release|Any CPU
		{9CCF83A8-2B9B-4788-944C-F2B83BB0A166}.Release|Any CPU.Build.0 = Release|Any CPU
		{9CCF83A8-2B9B-4788-944C-F2B83BB0A166}.Release|ARM.ActiveCfg = Release|Any CPU
		{9CCF83A8-2B9B-4788-944C-F2B83BB0A166}.Release|ARM.Build.0 = Release|Any CPU
		{9CCF83A8-2B9B-4788-944C-F2B83BB0A166}.Release|ARM64.ActiveCfg = Release|Any CPU
		{9CCF83A8-2B9B-4788-944C-F2B83BB0A166}.Release|ARM64.Build.0 = Release|Any CPU
		{9CCF83A8-2B9B-4788-944C-F2B83BB0A166}.Release|x64.ActiveCfg = Release|Any CPU
		{9CCF83A8-2B9B-4788-944C-F2B83BB0A166}.Release|x64.Build.0 = Release|Any CPU
		{9CCF83A8-2B9B-4788-944C-F2B83BB0A166}.Release|x86.ActiveCfg = Release|Any CPU
		{9CCF83A8-2B9B-4788-944C-F2B83BB0A166}.Release|x86.Build.0 = Release|Any CPU
		{DF176521-4546-4AA0-93BF-E97526D08350}.Debug|Any CPU.ActiveCfg = Debug|Any CPU
		{DF176521-4546-4AA0-93BF-E97526D08350}.Debug|Any CPU.Build.0 = Debug|Any CPU
		{DF176521-4546-4AA0-93BF-E97526D08350}.Debug|ARM.ActiveCfg = Debug|Any CPU
		{DF176521-4546-4AA0-93BF-E97526D08350}.Debug|ARM.Build.0 = Debug|Any CPU
		{DF176521-4546-4AA0-93BF-E97526D08350}.Debug|ARM64.ActiveCfg = Debug|Any CPU
		{DF176521-4546-4AA0-93BF-E97526D08350}.Debug|ARM64.Build.0 = Debug|Any CPU
		{DF176521-4546-4AA0-93BF-E97526D08350}.Debug|x64.ActiveCfg = Debug|Any CPU
		{DF176521-4546-4AA0-93BF-E97526D08350}.Debug|x64.Build.0 = Debug|Any CPU
		{DF176521-4546-4AA0-93BF-E97526D08350}.Debug|x86.ActiveCfg = Debug|Any CPU
		{DF176521-4546-4AA0-93BF-E97526D08350}.Debug|x86.Build.0 = Debug|Any CPU
		{DF176521-4546-4AA0-93BF-E97526D08350}.Release|Any CPU.ActiveCfg = Release|Any CPU
		{DF176521-4546-4AA0-93BF-E97526D08350}.Release|Any CPU.Build.0 = Release|Any CPU
		{DF176521-4546-4AA0-93BF-E97526D08350}.Release|ARM.ActiveCfg = Release|Any CPU
		{DF176521-4546-4AA0-93BF-E97526D08350}.Release|ARM.Build.0 = Release|Any CPU
		{DF176521-4546-4AA0-93BF-E97526D08350}.Release|ARM64.ActiveCfg = Release|Any CPU
		{DF176521-4546-4AA0-93BF-E97526D08350}.Release|ARM64.Build.0 = Release|Any CPU
		{DF176521-4546-4AA0-93BF-E97526D08350}.Release|x64.ActiveCfg = Release|Any CPU
		{DF176521-4546-4AA0-93BF-E97526D08350}.Release|x64.Build.0 = Release|Any CPU
		{DF176521-4546-4AA0-93BF-E97526D08350}.Release|x86.ActiveCfg = Release|Any CPU
		{DF176521-4546-4AA0-93BF-E97526D08350}.Release|x86.Build.0 = Release|Any CPU
		{8ED408E0-A740-4363-8BF9-790D577C4F94}.Debug|Any CPU.ActiveCfg = Debug|Any CPU
		{8ED408E0-A740-4363-8BF9-790D577C4F94}.Debug|Any CPU.Build.0 = Debug|Any CPU
		{8ED408E0-A740-4363-8BF9-790D577C4F94}.Debug|Any CPU.Deploy.0 = Debug|Any CPU
		{8ED408E0-A740-4363-8BF9-790D577C4F94}.Debug|ARM.ActiveCfg = Debug|ARM
		{8ED408E0-A740-4363-8BF9-790D577C4F94}.Debug|ARM.Build.0 = Debug|ARM
		{8ED408E0-A740-4363-8BF9-790D577C4F94}.Debug|ARM.Deploy.0 = Debug|ARM
		{8ED408E0-A740-4363-8BF9-790D577C4F94}.Debug|ARM64.ActiveCfg = Debug|ARM64
		{8ED408E0-A740-4363-8BF9-790D577C4F94}.Debug|ARM64.Build.0 = Debug|ARM64
		{8ED408E0-A740-4363-8BF9-790D577C4F94}.Debug|ARM64.Deploy.0 = Debug|ARM64
		{8ED408E0-A740-4363-8BF9-790D577C4F94}.Debug|x64.ActiveCfg = Debug|x64
		{8ED408E0-A740-4363-8BF9-790D577C4F94}.Debug|x64.Build.0 = Debug|x64
		{8ED408E0-A740-4363-8BF9-790D577C4F94}.Debug|x64.Deploy.0 = Debug|x64
		{8ED408E0-A740-4363-8BF9-790D577C4F94}.Debug|x86.ActiveCfg = Debug|x86
		{8ED408E0-A740-4363-8BF9-790D577C4F94}.Debug|x86.Build.0 = Debug|x86
		{8ED408E0-A740-4363-8BF9-790D577C4F94}.Debug|x86.Deploy.0 = Debug|x86
		{8ED408E0-A740-4363-8BF9-790D577C4F94}.Release|Any CPU.ActiveCfg = Release|Any CPU
		{8ED408E0-A740-4363-8BF9-790D577C4F94}.Release|Any CPU.Build.0 = Release|Any CPU
		{8ED408E0-A740-4363-8BF9-790D577C4F94}.Release|Any CPU.Deploy.0 = Release|Any CPU
		{8ED408E0-A740-4363-8BF9-790D577C4F94}.Release|ARM.ActiveCfg = Release|ARM
		{8ED408E0-A740-4363-8BF9-790D577C4F94}.Release|ARM.Build.0 = Release|ARM
		{8ED408E0-A740-4363-8BF9-790D577C4F94}.Release|ARM.Deploy.0 = Release|ARM
		{8ED408E0-A740-4363-8BF9-790D577C4F94}.Release|ARM64.ActiveCfg = Release|ARM64
		{8ED408E0-A740-4363-8BF9-790D577C4F94}.Release|ARM64.Build.0 = Release|ARM64
		{8ED408E0-A740-4363-8BF9-790D577C4F94}.Release|ARM64.Deploy.0 = Release|ARM64
		{8ED408E0-A740-4363-8BF9-790D577C4F94}.Release|x64.ActiveCfg = Release|x64
		{8ED408E0-A740-4363-8BF9-790D577C4F94}.Release|x64.Build.0 = Release|x64
		{8ED408E0-A740-4363-8BF9-790D577C4F94}.Release|x64.Deploy.0 = Release|x64
		{8ED408E0-A740-4363-8BF9-790D577C4F94}.Release|x86.ActiveCfg = Release|x86
		{8ED408E0-A740-4363-8BF9-790D577C4F94}.Release|x86.Build.0 = Release|x86
		{8ED408E0-A740-4363-8BF9-790D577C4F94}.Release|x86.Deploy.0 = Release|x86
	EndGlobalSection
	GlobalSection(SolutionProperties) = preSolution
		HideSolutionNode = FALSE
	EndGlobalSection
	GlobalSection(ExtensibilityGlobals) = postSolution
		SolutionGuid = {F9252EEC-F65F-490B-9791-0FA41E5C34F8}
	EndGlobalSection
EndGlobal
